<?xml version="1.0" encoding="utf-8"?>
<Project ToolsVersion="4.0" xmlns="http://schemas.microsoft.com/developer/msbuild/2003">
  <ItemGroup>
    <Filter Include="Source Files">
      <UniqueIdentifier>{4FC737F1-C7A5-4376-A066-2A32D752A2FF}</UniqueIdentifier>
      <Extensions>cpp;c;cc;cxx;c++;cppm;ixx;def;odl;idl;hpj;bat;asm;asmx</Extensions>
    </Filter>
    <Filter Include="Header Files">
      <UniqueIdentifier>{93995380-89BD-4b04-88EB-625FBE52EBFB}</UniqueIdentifier>
      <Extensions>h;hh;hpp;hxx;h++;hm;inl;inc;ipp;xsd</Extensions>
    </Filter>
    <Filter Include="Resource Files">
      <UniqueIdentifier>{67DA6AB6-F800-4c08-8B7A-83BB121AAD01}</UniqueIdentifier>
      <Extensions>rc;ico;cur;bmp;dlg;rc2;rct;bin;rgs;gif;jpg;jpeg;jpe;resx;tiff;tif;png;wav;mfcribbon-ms</Extensions>
    </Filter>
  </ItemGroup>
  <ItemGroup>
    <ClCompile Include="entry-point\entry-point.cpp">
      <Filter>Source Files</Filter>
    </ClCompile>
    <ClCompile Include="workspace\webview\webview.cpp">
      <Filter>Source Files</Filter>
    </ClCompile>
  </ItemGroup>
  <ItemGroup>
    <ClInclude Include="entry-point\entry-point.hpp">
      <Filter>Header Files</Filter>
    </ClInclude>
    <ClInclude Include="workspace\webview\webview.hpp">
      <Filter>Header Files</Filter>
    </ClInclude>
    <ClInclude Include="libraries\ultralight\include\AppCore\App.h">
      <Filter>Header Files</Filter>
    </ClInclude>
    <ClInclude Include="libraries\ultralight\include\AppCore\AppCore.h">
      <Filter>Header Files</Filter>
    </ClInclude>
    <ClInclude Include="libraries\ultralight\include\AppCore\CAPI.h">
      <Filter>Header Files</Filter>
    </ClInclude>
    <ClInclude Include="libraries\ultralight\include\AppCore\Defines.h">
      <Filter>Header Files</Filter>
    </ClInclude>
    <ClInclude Include="libraries\ultralight\include\AppCore\Dialogs.h">
      <Filter>Header Files</Filter>
    </ClInclude>
    <ClInclude Include="libraries\ultralight\include\AppCore\JSHelpers.h">
      <Filter>Header Files</Filter>
    </ClInclude>
    <ClInclude Include="libraries\ultralight\include\AppCore\Monitor.h">
      <Filter>Header Files</Filter>
    </ClInclude>
    <ClInclude Include="libraries\ultralight\include\AppCore\Overlay.h">
      <Filter>Header Files</Filter>
    </ClInclude>
    <ClInclude Include="libraries\ultralight\include\AppCore\Platform.h">
      <Filter>Header Files</Filter>
    </ClInclude>
    <ClInclude Include="libraries\ultralight\include\AppCore\Window.h">
      <Filter>Header Files</Filter>
    </ClInclude>
    <ClInclude Include="libraries\ultralight\include\JavaScriptCore\JavaScript.h">
      <Filter>Header Files</Filter>
    </ClInclude>
    <ClInclude Include="libraries\ultralight\include\JavaScriptCore\JSBase.h">
      <Filter>Header Files</Filter>
    </ClInclude>
    <ClInclude Include="libraries\ultralight\include\JavaScriptCore\JSContextRef.h">
      <Filter>Header Files</Filter>
    </ClInclude>
    <ClInclude Include="libraries\ultralight\include\JavaScriptCore\JSObjectRef.h">
      <Filter>Header Files</Filter>
    </ClInclude>
    <ClInclude Include="libraries\ultralight\include\JavaScriptCore\JSObjectRefPrivate.h">
      <Filter>Header Files</Filter>
    </ClInclude>
    <ClInclude Include="libraries\ultralight\include\JavaScriptCore\JSRetainPtr.h">
      <Filter>Header Files</Filter>
    </ClInclude>
    <ClInclude Include="libraries\ultralight\include\JavaScriptCore\JSStringRef.h">
      <Filter>Header Files</Filter>
    </ClInclude>
    <ClInclude Include="libraries\ultralight\include\JavaScriptCore\JSTypedArray.h">
      <Filter>Header Files</Filter>
    </ClInclude>
    <ClInclude Include="libraries\ultralight\include\JavaScriptCore\JSValueRef.h">
      <Filter>Header Files</Filter>
    </ClInclude>
    <ClInclude Include="libraries\ultralight\include\JavaScriptCore\WebKitAvailability.h">
      <Filter>Header Files</Filter>
    </ClInclude>
    <ClInclude Include="libraries\ultralight\include\Ultralight\CAPI\CAPI_Bitmap.h">
      <Filter>Header Files</Filter>
    </ClInclude>
    <ClInclude Include="libraries\ultralight\include\Ultralight\CAPI\CAPI_Buffer.h">
      <Filter>Header Files</Filter>
    </ClInclude>
    <ClInclude Include="libraries\ultralight\include\Ultralight\CAPI\CAPI_Clipboard.h">
      <Filter>Header Files</Filter>
    </ClInclude>
    <ClInclude Include="libraries\ultralight\include\Ultralight\CAPI\CAPI_Config.h">
      <Filter>Header Files</Filter>
    </ClInclude>
    <ClInclude Include="libraries\ultralight\include\Ultralight\CAPI\CAPI_Defines.h">
      <Filter>Header Files</Filter>
    </ClInclude>
    <ClInclude Include="libraries\ultralight\include\Ultralight\CAPI\CAPI_FileSystem.h">
      <Filter>Header Files</Filter>
    </ClInclude>
    <ClInclude Include="libraries\ultralight\include\Ultralight\CAPI\CAPI_FontFile.h">
      <Filter>Header Files</Filter>
    </ClInclude>
    <ClInclude Include="libraries\ultralight\include\Ultralight\CAPI\CAPI_FontLoader.h">
      <Filter>Header Files</Filter>
    </ClInclude>
    <ClInclude Include="libraries\ultralight\include\Ultralight\CAPI\CAPI_GamepadEvent.h">
      <Filter>Header Files</Filter>
    </ClInclude>
    <ClInclude Include="libraries\ultralight\include\Ultralight\CAPI\CAPI_Geometry.h">
      <Filter>Header Files</Filter>
    </ClInclude>
    <ClInclude Include="libraries\ultralight\include\Ultralight\CAPI\CAPI_GPUDriver.h">
      <Filter>Header Files</Filter>
    </ClInclude>
    <ClInclude Include="libraries\ultralight\include\Ultralight\CAPI\CAPI_ImageSource.h">
      <Filter>Header Files</Filter>
    </ClInclude>
    <ClInclude Include="libraries\ultralight\include\Ultralight\CAPI\CAPI_KeyEvent.h">
      <Filter>Header Files</Filter>
    </ClInclude>
    <ClInclude Include="libraries\ultralight\include\Ultralight\CAPI\CAPI_Logger.h">
      <Filter>Header Files</Filter>
    </ClInclude>
    <ClInclude Include="libraries\ultralight\include\Ultralight\CAPI\CAPI_MouseEvent.h">
      <Filter>Header Files</Filter>
    </ClInclude>
    <ClInclude Include="libraries\ultralight\include\Ultralight\CAPI\CAPI_Platform.h">
      <Filter>Header Files</Filter>
    </ClInclude>
    <ClInclude Include="libraries\ultralight\include\Ultralight\CAPI\CAPI_Renderer.h">
      <Filter>Header Files</Filter>
    </ClInclude>
    <ClInclude Include="libraries\ultralight\include\Ultralight\CAPI\CAPI_ScrollEvent.h">
      <Filter>Header Files</Filter>
    </ClInclude>
    <ClInclude Include="libraries\ultralight\include\Ultralight\CAPI\CAPI_Session.h">
      <Filter>Header Files</Filter>
    </ClInclude>
    <ClInclude Include="libraries\ultralight\include\Ultralight\CAPI\CAPI_String.h">
      <Filter>Header Files</Filter>
    </ClInclude>
    <ClInclude Include="libraries\ultralight\include\Ultralight\CAPI\CAPI_Surface.h">
      <Filter>Header Files</Filter>
    </ClInclude>
    <ClInclude Include="libraries\ultralight\include\Ultralight\CAPI\CAPI_View.h">
      <Filter>Header Files</Filter>
    </ClInclude>
    <ClInclude Include="libraries\ultralight\include\Ultralight\platform\Allocator.h">
      <Filter>Header Files</Filter>
    </ClInclude>
    <ClInclude Include="libraries\ultralight\include\Ultralight\platform\Clipboard.h">
      <Filter>Header Files</Filter>
    </ClInclude>
    <ClInclude Include="libraries\ultralight\include\Ultralight\platform\Config.h">
      <Filter>Header Files</Filter>
    </ClInclude>
    <ClInclude Include="libraries\ultralight\include\Ultralight\platform\FileSystem.h">
      <Filter>Header Files</Filter>
    </ClInclude>
    <ClInclude Include="libraries\ultralight\include\Ultralight\platform\FontLoader.h">
      <Filter>Header Files</Filter>
    </ClInclude>
    <ClInclude Include="libraries\ultralight\include\Ultralight\platform\GPUDriver.h">
      <Filter>Header Files</Filter>
    </ClInclude>
    <ClInclude Include="libraries\ultralight\include\Ultralight\platform\Logger.h">
      <Filter>Header Files</Filter>
    </ClInclude>
    <ClInclude Include="libraries\ultralight\include\Ultralight\platform\Platform.h">
      <Filter>Header Files</Filter>
    </ClInclude>
    <ClInclude Include="libraries\ultralight\include\Ultralight\platform\Surface.h">
      <Filter>Header Files</Filter>
    </ClInclude>
    <ClInclude Include="libraries\ultralight\include\Ultralight\platform\Thread.h">
      <Filter>Header Files</Filter>
    </ClInclude>
    <ClInclude Include="libraries\ultralight\include\Ultralight\Bitmap.h">
      <Filter>Header Files</Filter>
    </ClInclude>
    <ClInclude Include="libraries\ultralight\include\Ultralight\Buffer.h">
      <Filter>Header Files</Filter>
    </ClInclude>
    <ClInclude Include="libraries\ultralight\include\Ultralight\CAPI.h">
      <Filter>Header Files</Filter>
    </ClInclude>
    <ClInclude Include="libraries\ultralight\include\Ultralight\ConsoleMessage.h">
      <Filter>Header Files</Filter>
    </ClInclude>
    <ClInclude Include="libraries\ultralight\include\Ultralight\Defines.h">
      <Filter>Header Files</Filter>
    </ClInclude>
    <ClInclude Include="libraries\ultralight\include\Ultralight\Exports.h">
      <Filter>Header Files</Filter>
    </ClInclude>
    <ClInclude Include="libraries\ultralight\include\Ultralight\GamepadEvent.h">
      <Filter>Header Files</Filter>
    </ClInclude>
    <ClInclude Include="libraries\ultralight\include\Ultralight\Geometry.h">
      <Filter>Header Files</Filter>
    </ClInclude>
    <ClInclude Include="libraries\ultralight\include\Ultralight\ImageSource.h">
      <Filter>Header Files</Filter>
    </ClInclude>
    <ClInclude Include="libraries\ultralight\include\Ultralight\JavaScript.h">
      <Filter>Header Files</Filter>
    </ClInclude>
    <ClInclude Include="libraries\ultralight\include\Ultralight\KeyCodes.h">
      <Filter>Header Files</Filter>
    </ClInclude>
    <ClInclude Include="libraries\ultralight\include\Ultralight\KeyEvent.h">
      <Filter>Header Files</Filter>
    </ClInclude>
    <ClInclude Include="libraries\ultralight\include\Ultralight\Listener.h">
      <Filter>Header Files</Filter>
    </ClInclude>
    <ClInclude Include="libraries\ultralight\include\Ultralight\Lock.h">
      <Filter>Header Files</Filter>
    </ClInclude>
    <ClInclude Include="libraries\ultralight\include\Ultralight\Matrix.h">
      <Filter>Header Files</Filter>
    </ClInclude>
    <ClInclude Include="libraries\ultralight\include\Ultralight\MouseEvent.h">
      <Filter>Header Files</Filter>
    </ClInclude>
    <ClInclude Include="libraries\ultralight\include\Ultralight\NetworkRequest.h">
      <Filter>Header Files</Filter>
    </ClInclude>
    <ClInclude Include="libraries\ultralight\include\Ultralight\RefPtr.h">
      <Filter>Header Files</Filter>
    </ClInclude>
    <ClInclude Include="libraries\ultralight\include\Ultralight\Renderer.h">
      <Filter>Header Files</Filter>
    </ClInclude>
    <ClInclude Include="libraries\ultralight\include\Ultralight\RenderTarget.h">
      <Filter>Header Files</Filter>
    </ClInclude>
    <ClInclude Include="libraries\ultralight\include\Ultralight\ScrollEvent.h">
      <Filter>Header Files</Filter>
    </ClInclude>
    <ClInclude Include="libraries\ultralight\include\Ultralight\Session.h">
      <Filter>Header Files</Filter>
    </ClInclude>
    <ClInclude Include="libraries\ultralight\include\Ultralight\String.h">
      <Filter>Header Files</Filter>
    </ClInclude>
    <ClInclude Include="libraries\ultralight\include\Ultralight\String8.h">
      <Filter>Header Files</Filter>
    </ClInclude>
    <ClInclude Include="libraries\ultralight\include\Ultralight\String16.h">
      <Filter>Header Files</Filter>
    </ClInclude>
    <ClInclude Include="libraries\ultralight\include\Ultralight\String32.h">
      <Filter>Header Files</Filter>
    </ClInclude>
    <ClInclude Include="libraries\ultralight\include\Ultralight\StringSTL.h">
      <Filter>Header Files</Filter>
    </ClInclude>
    <ClInclude Include="libraries\ultralight\include\Ultralight\Ultralight.h">
      <Filter>Header Files</Filter>
    </ClInclude>
    <ClInclude Include="libraries\ultralight\include\Ultralight\View.h">
      <Filter>Header Files</Filter>
    </ClInclude>
  </ItemGroup>
  <ItemGroup>
    <Library Include="libraries\libs\AppCore.lib" />
    <Library Include="libraries\libs\Ultralight.lib" />
    <Library Include="libraries\libs\UltralightCore.lib" />
    <Library Include="libraries\libs\WebCore.lib" />
  </ItemGroup>
</Project>